
Microsoft Visual Studio Solution File, Format Version 12.00
# Visual Studio Version 16
VisualStudioVersion = 16.0.30204.135
MinimumVisualStudioVersion = 10.0.40219.1
Project("{FAE04EC0-301F-11D3-BF4B-00C04F79EFBC}") = "FirstClounProj", "FirstClounProj\FirstClounProj.csproj", "{2B62D84B-1792-4F4C-A128-FCF099D80C9A}"
EndProject
Global
	GlobalSection(SolutionConfigurationPlatforms) = preSolution
		Debug|Any CPU = Debug|Any CPU
		Release|Any CPU = Release|Any CPU
	EndGlobalSection
	GlobalSection(ProjectConfigurationPlatforms) = postSolution
		{2B62D84B-1792-4F4C-A128-FCF099D80C9A}.Debug|Any CPU.ActiveCfg = Debug|Any CPU
		{2B62D84B-1792-4F4C-A128-FCF099D80C9A}.Debug|Any CPU.Build.0 = Debug|Any CPU
		{2B62D84B-1792-4F4C-A128-FCF099D80C9A}.Release|Any CPU.ActiveCfg = Release|Any CPU
		{2B62D84B-1792-4F4C-A128-FCF099D80C9A}.Release|Any CPU.Build.0 = Release|Any CPU
	EndGlobalSection
	GlobalSection(SolutionProperties) = preSolution
		HideSolutionNode = FALSE
	EndGlobalSection
	GlobalSection(ExtensibilityGlobals) = postSolution
		SolutionGuid = {4E872E66-41C6-49C2-9E46-E39349FBCD82}
	EndGlobalSection
EndGlobal
